
Microsoft Visual Studio Solution File, Format Version 12.00
# Visual Studio Version 16
VisualStudioVersion = 16.0.31105.61
MinimumVisualStudioVersion = 10.0.40219.1
Project("{9A19103F-16F7-4668-BE54-9A1E7A4F7556}") = "App.Client.Console", "App.Client.Console\App.Client.Console.csproj", "{A19A425F-B2E6-489F-ADBB-54154BCFED70}"
EndProject
Project("{9A19103F-16F7-4668-BE54-9A1E7A4F7556}") = "App.Core.Application", "App.Core.Application\App.Core.Application.csproj", "{9F4FEED2-95B7-45D0-B3C7-4C287CCE6AC1}"
EndProject
Project("{9A19103F-16F7-4668-BE54-9A1E7A4F7556}") = "App.Infrastructure.DataAccess", "App.Infrastructure.DataAccess\App.Infrastructure.DataAccess.csproj", "{0E5D57B5-9CB5-4774-973A-3FFB2297388D}"
EndProject
Project("{9A19103F-16F7-4668-BE54-9A1E7A4F7556}") = "App.Core.Domain", "App.Core.Domain\App.Core.Domain.csproj", "{92CF3BDD-9F63-4D30-8B71-27C33F34A670}"
EndProject
Project("{9A19103F-16F7-4668-BE54-9A1E7A4F7556}") = "Test.App.Core.Application", "Test.App.Core.Application\Test.App.Core.Application.csproj", "{70A14B66-BB09-4A24-BC46-F592CF68C8B4}"
EndProject
Global
	GlobalSection(SolutionConfigurationPlatforms) = preSolution
		Debug|Any CPU = Debug|Any CPU
		Release|Any CPU = Release|Any CPU
	EndGlobalSection
	GlobalSection(ProjectConfigurationPlatforms) = postSolution
		{A19A425F-B2E6-489F-ADBB-54154BCFED70}.Debug|Any CPU.ActiveCfg = Debug|Any CPU
		{A19A425F-B2E6-489F-ADBB-54154BCFED70}.Debug|Any CPU.Build.0 = Debug|Any CPU
		{A19A425F-B2E6-489F-ADBB-54154BCFED70}.Release|Any CPU.ActiveCfg = Release|Any CPU
		{A19A425F-B2E6-489F-ADBB-54154BCFED70}.Release|Any CPU.Build.0 = Release|Any CPU
		{9F4FEED2-95B7-45D0-B3C7-4C287CCE6AC1}.Debug|Any CPU.ActiveCfg = Debug|Any CPU
		{9F4FEED2-95B7-45D0-B3C7-4C287CCE6AC1}.Debug|Any CPU.Build.0 = Debug|Any CPU
		{9F4FEED2-95B7-45D0-B3C7-4C287CCE6AC1}.Release|Any CPU.ActiveCfg = Release|Any CPU
		{9F4FEED2-95B7-45D0-B3C7-4C287CCE6AC1}.Release|Any CPU.Build.0 = Release|Any CPU
		{0E5D57B5-9CB5-4774-973A-3FFB2297388D}.Debug|Any CPU.ActiveCfg = Debug|Any CPU
		{0E5D57B5-9CB5-4774-973A-3FFB2297388D}.Debug|Any CPU.Build.0 = Debug|Any CPU
		{0E5D57B5-9CB5-4774-973A-3FFB2297388D}.Release|Any CPU.ActiveCfg = Release|Any CPU
		{0E5D57B5-9CB5-4774-973A-3FFB2297388D}.Release|Any CPU.Build.0 = Release|Any CPU
		{92CF3BDD-9F63-4D30-8B71-27C33F34A670}.Debug|Any CPU.ActiveCfg = Debug|Any CPU
		{92CF3BDD-9F63-4D30-8B71-27C33F34A670}.Debug|Any CPU.Build.0 = Debug|Any CPU
		{92CF3BDD-9F63-4D30-8B71-27C33F34A670}.Release|Any CPU.ActiveCfg = Release|Any CPU
		{92CF3BDD-9F63-4D30-8B71-27C33F34A670}.Release|Any CPU.Build.0 = Release|Any CPU
		{70A14B66-BB09-4A24-BC46-F592CF68C8B4}.Debug|Any CPU.ActiveCfg = Debug|Any CPU
		{70A14B66-BB09-4A24-BC46-F592CF68C8B4}.Debug|Any CPU.Build.0 = Debug|Any CPU
		{70A14B66-BB09-4A24-BC46-F592CF68C8B4}.Release|Any CPU.ActiveCfg = Release|Any CPU
		{70A14B66-BB09-4A24-BC46-F592CF68C8B4}.Release|Any CPU.Build.0 = Release|Any CPU
	EndGlobalSection
	GlobalSection(SolutionProperties) = preSolution
		HideSolutionNode = FALSE
	EndGlobalSection
	GlobalSection(ExtensibilityGlobals) = postSolution
		SolutionGuid = {347A6DCE-27A3-42EB-9453-EDFF84B2534A}
	EndGlobalSection
EndGlobal
